
Microsoft Visual Studio Solution File, Format Version 12.00
# Visual Studio Version 17
VisualStudioVersion = 17.0.31903.59
MinimumVisualStudioVersion = 10.0.40219.1
Project("{2150E333-8FDC-42A3-9474-1A3956D46DE8}") = "src", "src", "{827E0CD3-B72D-47B6-A68D-7590B98EB39B}"
EndProject
Project("{FAE04EC0-301F-11D3-BF4B-00C04F79EFBC}") = "TajsTokens.Core", "src\TajsTokens.Core\TajsTokens.Core.csproj", "{3098CB85-B7E2-4515-A25B-88F2C4BFE10C}"
EndProject
Project("{FAE04EC0-301F-11D3-BF4B-00C04F79EFBC}") = "TajsTokens.Infrastructure", "src\TajsTokens.Infrastructure\TajsTokens.Infrastructure.csproj", "{7AC90968-990D-481F-8161-754F739913E8}"
EndProject
Project("{2150E333-8FDC-42A3-9474-1A3956D46DE8}") = "tests", "tests", "{0AB3BF05-4346-4AA6-1389-037BE0695223}"
EndProject
Project("{FAE04EC0-301F-11D3-BF4B-00C04F79EFBC}") = "TajsTokens.Core.Tests", "tests\TajsTokens.Core.Tests\TajsTokens.Core.Tests.csproj", "{8200298D-41F4-4A8C-A71D-F9EB0912FC6E}"
EndProject
Project("{FAE04EC0-301F-11D3-BF4B-00C04F79EFBC}") = "TajsTokens.App", "src\TajsTokens.App\TajsTokens.App.csproj", "{20881889-F9D3-4F02-AD92-F1888D9FCD00}"
EndProject
Global
	GlobalSection(SolutionConfigurationPlatforms) = preSolution
		Debug|Any CPU = Debug|Any CPU
		Debug|x64 = Debug|x64
		Debug|x86 = Debug|x86
		Release|Any CPU = Release|Any CPU
		Release|x64 = Release|x64
		Release|x86 = Release|x86
	EndGlobalSection
	GlobalSection(ProjectConfigurationPlatforms) = postSolution
		{3098CB85-B7E2-4515-A25B-88F2C4BFE10C}.Debug|Any CPU.ActiveCfg = Debug|Any CPU
		{3098CB85-B7E2-4515-A25B-88F2C4BFE10C}.Debug|Any CPU.Build.0 = Debug|Any CPU
		{3098CB85-B7E2-4515-A25B-88F2C4BFE10C}.Debug|x64.ActiveCfg = Debug|Any CPU
		{3098CB85-B7E2-4515-A25B-88F2C4BFE10C}.Debug|x64.Build.0 = Debug|Any CPU
		{3098CB85-B7E2-4515-A25B-88F2C4BFE10C}.Debug|x86.ActiveCfg = Debug|Any CPU
		{3098CB85-B7E2-4515-A25B-88F2C4BFE10C}.Debug|x86.Build.0 = Debug|Any CPU
		{3098CB85-B7E2-4515-A25B-88F2C4BFE10C}.Release|Any CPU.ActiveCfg = Release|Any CPU
		{3098CB85-B7E2-4515-A25B-88F2C4BFE10C}.Release|Any CPU.Build.0 = Release|Any CPU
		{3098CB85-B7E2-4515-A25B-88F2C4BFE10C}.Release|x64.ActiveCfg = Release|Any CPU
		{3098CB85-B7E2-4515-A25B-88F2C4BFE10C}.Release|x64.Build.0 = Release|Any CPU
		{3098CB85-B7E2-4515-A25B-88F2C4BFE10C}.Release|x86.ActiveCfg = Release|Any CPU
		{3098CB85-B7E2-4515-A25B-88F2C4BFE10C}.Release|x86.Build.0 = Release|Any CPU
		{7AC90968-990D-481F-8161-754F739913E8}.Debug|Any CPU.ActiveCfg = Debug|Any CPU
		{7AC90968-990D-481F-8161-754F739913E8}.Debug|Any CPU.Build.0 = Debug|Any CPU
		{7AC90968-990D-481F-8161-754F739913E8}.Debug|x64.ActiveCfg = Debug|Any CPU
		{7AC90968-990D-481F-8161-754F739913E8}.Debug|x64.Build.0 = Debug|Any CPU
		{7AC90968-990D-481F-8161-754F739913E8}.Debug|x86.ActiveCfg = Debug|Any CPU
		{7AC90968-990D-481F-8161-754F739913E8}.Debug|x86.Build.0 = Debug|Any CPU
		{7AC90968-990D-481F-8161-754F739913E8}.Release|Any CPU.ActiveCfg = Release|Any CPU
		{7AC90968-990D-481F-8161-754F739913E8}.Release|Any CPU.Build.0 = Release|Any CPU
		{7AC90968-990D-481F-8161-754F739913E8}.Release|x64.ActiveCfg = Release|Any CPU
		{7AC90968-990D-481F-8161-754F739913E8}.Release|x64.Build.0 = Release|Any CPU
		{7AC90968-990D-481F-8161-754F739913E8}.Release|x86.ActiveCfg = Release|Any CPU
		{7AC90968-990D-481F-8161-754F739913E8}.Release|x86.Build.0 = Release|Any CPU
		{8200298D-41F4-4A8C-A71D-F9EB0912FC6E}.Debug|Any CPU.ActiveCfg = Debug|Any CPU
		{8200298D-41F4-4A8C-A71D-F9EB0912FC6E}.Debug|Any CPU.Build.0 = Debug|Any CPU
		{8200298D-41F4-4A8C-A71D-F9EB0912FC6E}.Debug|x64.ActiveCfg = Debug|Any CPU
		{8200298D-41F4-4A8C-A71D-F9EB0912FC6E}.Debug|x64.Build.0 = Debug|Any CPU
		{8200298D-41F4-4A8C-A71D-F9EB0912FC6E}.Debug|x86.ActiveCfg = Debug|Any CPU
		{8200298D-41F4-4A8C-A71D-F9EB0912FC6E}.Debug|x86.Build.0 = Debug|Any CPU
		{8200298D-41F4-4A8C-A71D-F9EB0912FC6E}.Release|Any CPU.ActiveCfg = Release|Any CPU
		{8200298D-41F4-4A8C-A71D-F9EB0912FC6E}.Release|Any CPU.Build.0 = Release|Any CPU
		{8200298D-41F4-4A8C-A71D-F9EB0912FC6E}.Release|x64.ActiveCfg = Release|Any CPU
		{8200298D-41F4-4A8C-A71D-F9EB0912FC6E}.Release|x64.Build.0 = Release|Any CPU
		{8200298D-41F4-4A8C-A71D-F9EB0912FC6E}.Release|x86.ActiveCfg = Release|Any CPU
		{8200298D-41F4-4A8C-A71D-F9EB0912FC6E}.Release|x86.Build.0 = Release|Any CPU
		{20881889-F9D3-4F02-AD92-F1888D9FCD00}.Debug|Any CPU.ActiveCfg = Debug|x64
		{20881889-F9D3-4F02-AD92-F1888D9FCD00}.Debug|Any CPU.Build.0 = Debug|x64
		{20881889-F9D3-4F02-AD92-F1888D9FCD00}.Debug|x64.ActiveCfg = Debug|x64
		{20881889-F9D3-4F02-AD92-F1888D9FCD00}.Debug|x64.Build.0 = Debug|x64
		{20881889-F9D3-4F02-AD92-F1888D9FCD00}.Debug|x86.ActiveCfg = Debug|x86
		{20881889-F9D3-4F02-AD92-F1888D9FCD00}.Debug|x86.Build.0 = Debug|x86
		{20881889-F9D3-4F02-AD92-F1888D9FCD00}.Release|Any CPU.ActiveCfg = Release|x64
		{20881889-F9D3-4F02-AD92-F1888D9FCD00}.Release|Any CPU.Build.0 = Release|x64
		{20881889-F9D3-4F02-AD92-F1888D9FCD00}.Release|x64.ActiveCfg = Release|x64
		{20881889-F9D3-4F02-AD92-F1888D9FCD00}.Release|x64.Build.0 = Release|x64
		{20881889-F9D3-4F02-AD92-F1888D9FCD00}.Release|x86.ActiveCfg = Release|x86
		{20881889-F9D3-4F02-AD92-F1888D9FCD00}.Release|x86.Build.0 = Release|x86
	EndGlobalSection
	GlobalSection(SolutionProperties) = preSolution
		HideSolutionNode = FALSE
	EndGlobalSection
	GlobalSection(NestedProjects) = preSolution
		{3098CB85-B7E2-4515-A25B-88F2C4BFE10C} = {827E0CD3-B72D-47B6-A68D-7590B98EB39B}
		{7AC90968-990D-481F-8161-754F739913E8} = {827E0CD3-B72D-47B6-A68D-7590B98EB39B}
		{8200298D-41F4-4A8C-A71D-F9EB0912FC6E} = {0AB3BF05-4346-4AA6-1389-037BE0695223}
		{20881889-F9D3-4F02-AD92-F1888D9FCD00} = {827E0CD3-B72D-47B6-A68D-7590B98EB39B}
	EndGlobalSection
EndGlobal
